Microsoft Visual Studio Solution File, Format Version 8.00
Project("{8BC9CEB8-8B4A-11D0-8D11-00A0C91BC942}") = "crypt", "ufc-crypt\crypt.vcproj", "{91F671E4-7F2F-4F32-B905-A5A6D1622B9F}"
	ProjectSection(ProjectDependencies) = postProject
	EndProjectSection
EndProject
Project("{8BC9CEB8-8B4A-11D0-8D11-00A0C91BC942}") = "cvs95", "cvs95\cvs95.vcproj", "{A66D1177-64F6-45C4-B52D-601FF97B3B50}"
	ProjectSection(ProjectDependencies) = postProject
		{AFF96908-CC5E-40D2-94FC-78090D420832} = {AFF96908-CC5E-40D2-94FC-78090D420832}
		{5CD43033-B004-4886-8E4D-3A622A7AD677} = {5CD43033-B004-4886-8E4D-3A622A7AD677}
		{5D695560-5DD9-4EF5-9B2E-D609D1A05324} = {5D695560-5DD9-4EF5-9B2E-D609D1A05324}
		{00725064-BF63-4724-9FB4-740EABE62CEC} = {00725064-BF63-4724-9FB4-740EABE62CEC}
		{44F87A6B-B243-4961-9236-2498E4695331} = {44F87A6B-B243-4961-9236-2498E4695331}
		{C4F56D7B-7716-421E-B820-FD1948DB6385} = {C4F56D7B-7716-421E-B820-FD1948DB6385}
		{68D18485-174E-46BB-A1FC-132DDCCC2EE0} = {68D18485-174E-46BB-A1FC-132DDCCC2EE0}
		{7B67F987-4BBB-4FD4-B537-77BF79ABD04F} = {7B67F987-4BBB-4FD4-B537-77BF79ABD04F}
		{A8630794-5C8B-4B7F-AF1B-DF12FD6C397F} = {A8630794-5C8B-4B7F-AF1B-DF12FD6C397F}
		{6FED639C-5FE8-4FDF-ABE8-F720947AC9A1} = {6FED639C-5FE8-4FDF-ABE8-F720947AC9A1}
		{2C1A99CD-4854-4064-9484-F1EB57F366E5} = {2C1A99CD-4854-4064-9484-F1EB57F366E5}
		{91F671E4-7F2F-4F32-B905-A5A6D1622B9F} = {91F671E4-7F2F-4F32-B905-A5A6D1622B9F}
		{439A2FF6-84D3-4972-B9E8-6D9C0027A5CB} = {439A2FF6-84D3-4972-B9E8-6D9C0027A5CB}
	EndProjectSection
EndProject
Project("{8BC9CEB8-8B4A-11D0-8D11-00A0C91BC942}") = "cvsnt", "cvsnt.vcproj", "{43B8C2B3-0526-4121-91F8-F218ABC1D0C2}"
	ProjectSection(ProjectDependencies) = postProject
		{AFF96908-CC5E-40D2-94FC-78090D420832} = {AFF96908-CC5E-40D2-94FC-78090D420832}
		{FE571818-1B67-41FB-B49D-850D650CF661} = {FE571818-1B67-41FB-B49D-850D650CF661}
		{5CD43033-B004-4886-8E4D-3A622A7AD677} = {5CD43033-B004-4886-8E4D-3A622A7AD677}
		{E55F4833-F513-4F88-89AB-BCC2E39F81D8} = {E55F4833-F513-4F88-89AB-BCC2E39F81D8}
		{5D695560-5DD9-4EF5-9B2E-D609D1A05324} = {5D695560-5DD9-4EF5-9B2E-D609D1A05324}
		{00725064-BF63-4724-9FB4-740EABE62CEC} = {00725064-BF63-4724-9FB4-740EABE62CEC}
		{44F87A6B-B243-4961-9236-2498E4695331} = {44F87A6B-B243-4961-9236-2498E4695331}
		{A66D1177-64F6-45C4-B52D-601FF97B3B50} = {A66D1177-64F6-45C4-B52D-601FF97B3B50}
		{C4F56D7B-7716-421E-B820-FD1948DB6385} = {C4F56D7B-7716-421E-B820-FD1948DB6385}
		{44D20481-5119-4D1B-A194-A7B5AEF9C23C} = {44D20481-5119-4D1B-A194-A7B5AEF9C23C}
		{68D18485-174E-46BB-A1FC-132DDCCC2EE0} = {68D18485-174E-46BB-A1FC-132DDCCC2EE0}
		{7B67F987-4BBB-4FD4-B537-77BF79ABD04F} = {7B67F987-4BBB-4FD4-B537-77BF79ABD04F}
		{F6DC1E90-8EFC-4D11-8D44-DAD00CF734DA} = {F6DC1E90-8EFC-4D11-8D44-DAD00CF734DA}
		{A8630794-5C8B-4B7F-AF1B-DF12FD6C397F} = {A8630794-5C8B-4B7F-AF1B-DF12FD6C397F}
		{6FED639C-5FE8-4FDF-ABE8-F720947AC9A1} = {6FED639C-5FE8-4FDF-ABE8-F720947AC9A1}
		{433007AA-2C03-481D-B56B-5FA6840D343D} = {433007AA-2C03-481D-B56B-5FA6840D343D}
		{433007AA-2C03-481D-B56B-5FA6840D343D} = {433007AA-2C03-481D-B56B-5FA6840D343D}
		{433007AA-2C03-481D-B56B-5FA6840D343D} = {433007AA-2C03-481D-B56B-5FA6840D343D}
		{433007AA-2C03-481D-B56B-5FA6840D343D} = {433007AA-2C03-481D-B56B-5FA6840D343D}
		{433007AA-2C03-481D-B56B-5FA6840D343D} = {433007AA-2C03-481D-B56B-5FA6840D343D}
		{433007AA-2C03-481D-B56B-5FA6840D343D} = {433007AA-2C03-481D-B56B-5FA6840D343D}
		{433007AA-2C03-481D-B56B-5FA6840D343D} = {433007AA-2C03-481D-B56B-5FA6840D343D}
		{433007AA-2C03-481D-B56B-5FA6840D343D} = {433007AA-2C03-481D-B56B-5FA6840D343D}
		{433007AA-2C03-481D-B56B-5FA6840D343D} = {433007AA-2C03-481D-B56B-5FA6840D343D}
		{433007AA-2C03-481D-B56B-5FA6840D343D} = {433007AA-2C03-481D-B56B-5FA6840D343D}
		{433007AA-2C03-481D-B56B-5FA6840D343D} = {433007AA-2C03-481D-B56B-5FA6840D343D}
		{433007AA-2C03-481D-B56B-5FA6840D343D} = {433007AA-2C03-481D-B56B-5FA6840D343D}
		{433007AA-2C03-481D-B56B-5FA6840D343D} = {433007AA-2C03-481D-B56B-5FA6840D343D}
		{433007AA-2C03-481D-B56B-5FA6840D343D} = {433007AA-2C03-481D-B56B-5FA6840D343D}
		{433007AA-2C03-481D-B56B-5FA6840D343D} = {433007AA-2C03-481D-B56B-5FA6840D343D}
		{433007AA-2C03-481D-B56B-5FA6840D343D} = {433007AA-2C03-481D-B56B-5FA6840D343D}
		{433007AA-2C03-481D-B56B-5FA6840D343D} = {433007AA-2C03-481D-B56B-5FA6840D343D}
		{433007AA-2C03-481D-B56B-5FA6840D343D} = {433007AA-2C03-481D-B56B-5FA6840D343D}
		{433007AA-2C03-481D-B56B-5FA6840D343D} = {433007AA-2C03-481D-B56B-5FA6840D343D}
		{433007AA-2C03-481D-B56B-5FA6840D343D} = {433007AA-2C03-481D-B56B-5FA6840D343D}
		{433007AA-2C03-481D-B56B-5FA6840D343D} = {433007AA-2C03-481D-B56B-5FA6840D343D}
		{433007AA-2C03-481D-B56B-5FA6840D343D} = {433007AA-2C03-481D-B56B-5FA6840D343D}
		{433007AA-2C03-481D-B56B-5FA6840D343D} = {433007AA-2C03-481D-B56B-5FA6840D343D}
		{433007AA-2C03-481D-B56B-5FA6840D343D} = {433007AA-2C03-481D-B56B-5FA6840D343D}
		{433007AA-2C03-481D-B56B-5FA6840D343D} = {433007AA-2C03-481D-B56B-5FA6840D343D}
		{433007AA-2C03-481D-B56B-5FA6840D343D} = {433007AA-2C03-481D-B56B-5FA6840D343D}
		{433007AA-2C03-481D-B56B-5FA6840D343D} = {433007AA-2C03-481D-B56B-5FA6840D343D}
		{433007AA-2C03-481D-B56B-5FA6840D343D} = {433007AA-2C03-481D-B56B-5FA6840D343D}
		{433007AA-2C03-481D-B56B-5FA6840D343D} = {433007AA-2C03-481D-B56B-5FA6840D343D}
		{433007AA-2C03-481D-B56B-5FA6840D343D} = {433007AA-2C03-481D-B56B-5FA6840D343D}
		{433007AA-2C03-481D-B56B-5FA6840D343D} = {433007AA-2C03-481D-B56B-5FA6840D343D}
		{433007AA-2C03-481D-B56B-5FA6840D343D} = {433007AA-2C03-481D-B56B-5FA6840D343D}
		{433007AA-2C03-481D-B56B-5FA6840D343D} = {433007AA-2C03-481D-B56B-5FA6840D343D}
		{433007AA-2C03-481D-B56B-5FA6840D343D} = {433007AA-2C03-481D-B56B-5FA6840D343D}
		{433007AA-2C03-481D-B56B-5FA6840D343D} = {433007AA-2C03-481D-B56B-5FA6840D343D}
		{433007AA-2C03-481D-B56B-5FA6840D343D} = {433007AA-2C03-481D-B56B-5FA6840D343D}
		{433007AA-2C03-481D-B56B-5FA6840D343D} = {433007AA-2C03-481D-B56B-5FA6840D343D}
		{433007AA-2C03-481D-B56B-5FA6840D343D} = {433007AA-2C03-481D-B56B-5FA6840D343D}
		{2C1A99CD-4854-4064-9484-F1EB57F366E5} = {2C1A99CD-4854-4064-9484-F1EB57F366E5}
		{91F671E4-7F2F-4F32-B905-A5A6D1622B9F} = {91F671E4-7F2F-4F32-B905-A5A6D1622B9F}
		{DC562CEA-75BF-41A1-893C-41CFE2C35237} = {DC562CEA-75BF-41A1-893C-41CFE2C35237}
		{EC35C4F3-4DC4-4B87-B884-9DAAA8398BD8} = {EC35C4F3-4DC4-4B87-B884-9DAAA8398BD8}
		{C05BD8F3-7197-4B4B-9DFE-EB014490F51C} = {C05BD8F3-7197-4B4B-9DFE-EB014490F51C}
		{439A2FF6-84D3-4972-B9E8-6D9C0027A5CB} = {439A2FF6-84D3-4972-B9E8-6D9C0027A5CB}
	EndProjectSection
EndProject
Project("{8BC9CEB8-8B4A-11D0-8D11-00A0C91BC942}") = "cvsservice", "cvsservice\cvsservice.vcproj", "{F6DC1E90-8EFC-4D11-8D44-DAD00CF734DA}"
	ProjectSection(ProjectDependencies) = postProject
	EndProjectSection
EndProject
Project("{8BC9CEB8-8B4A-11D0-8D11-00A0C91BC942}") = "ext_protocol", "protocols\ext_protocol.vcproj", "{00725064-BF63-4724-9FB4-740EABE62CEC}"
	ProjectSection(ProjectDependencies) = postProject
	EndProjectSection
EndProject
Project("{8BC9CEB8-8B4A-11D0-8D11-00A0C91BC942}") = "fork_protocol", "protocols\fork_protocol.vcproj", "{5D695560-5DD9-4EF5-9B2E-D609D1A05324}"
	ProjectSection(ProjectDependencies) = postProject
	EndProjectSection
EndProject
Project("{8BC9CEB8-8B4A-11D0-8D11-00A0C91BC942}") = "libdiff", "diff\libdiff.vcproj", "{5CD43033-B004-4886-8E4D-3A622A7AD677}"
	ProjectSection(ProjectDependencies) = postProject
	EndProjectSection
EndProject
Project("{8BC9CEB8-8B4A-11D0-8D11-00A0C91BC942}") = "ntserver_protocol", "protocols\ntserver_protocol.vcproj", "{C4F56D7B-7716-421E-B820-FD1948DB6385}"
	ProjectSection(ProjectDependencies) = postProject
	EndProjectSection
EndProject
Project("{8BC9CEB8-8B4A-11D0-8D11-00A0C91BC942}") = "postinst", "postinst\postinst.vcproj", "{E55F4833-F513-4F88-89AB-BCC2E39F81D8}"
	ProjectSection(ProjectDependencies) = postProject
	EndProjectSection
EndProject
Project("{8BC9CEB8-8B4A-11D0-8D11-00A0C91BC942}") = "pserver_protocol", "protocols\pserver_protocol.vcproj", "{68D18485-174E-46BB-A1FC-132DDCCC2EE0}"
	ProjectSection(ProjectDependencies) = postProject
	EndProjectSection
EndProject
Project("{8BC9CEB8-8B4A-11D0-8D11-00A0C91BC942}") = "sspi_protocol", "protocols\sspi_protocol.vcproj", "{AFF96908-CC5E-40D2-94FC-78090D420832}"
	ProjectSection(ProjectDependencies) = postProject
	EndProjectSection
EndProject
Project("{8BC9CEB8-8B4A-11D0-8D11-00A0C91BC942}") = "cvsntcpl", "cvsntcpl\cvsntcpl.vcproj", "{EC35C4F3-4DC4-4B87-B884-9DAAA8398BD8}"
	ProjectSection(ProjectDependencies) = postProject
	EndProjectSection
EndProject
Project("{8BC9CEB8-8B4A-11D0-8D11-00A0C91BC942}") = "lockservice", "lockservice\lockservice.vcproj", "{44F87A6B-B243-4961-9236-2498E4695331}"
	ProjectSection(ProjectDependencies) = postProject
		{F6DC1E90-8EFC-4D11-8D44-DAD00CF734DA} = {F6DC1E90-8EFC-4D11-8D44-DAD00CF734DA}
	EndProjectSection
EndProject
Project("{8BC9CEB8-8B4A-11D0-8D11-00A0C91BC942}") = "gserver_protocol_ad", "protocols\gserver_protocol_ad.vcproj", "{C05BD8F3-7197-4B4B-9DFE-EB014490F51C}"
	ProjectSection(ProjectDependencies) = postProject
		{44D20481-5119-4D1B-A194-A7B5AEF9C23C} = {44D20481-5119-4D1B-A194-A7B5AEF9C23C}
	EndProjectSection
EndProject
Project("{8BC9CEB8-8B4A-11D0-8D11-00A0C91BC942}") = "gserver_protocol_mit", "protocols\gserver_protocol_mit.vcproj", "{439A2FF6-84D3-4972-B9E8-6D9C0027A5CB}"
	ProjectSection(ProjectDependencies) = postProject
	EndProjectSection
EndProject
Project("{8BC9CEB8-8B4A-11D0-8D11-00A0C91BC942}") = "gss-ad", "windows-NT\gss-ad\gss-ad.vcproj", "{44D20481-5119-4D1B-A194-A7B5AEF9C23C}"
	ProjectSection(ProjectDependencies) = postProject
	EndProjectSection
EndProject
Project("{8BC9CEB8-8B4A-11D0-8D11-00A0C91BC942}") = "server_protocol", "protocols\server_protocol.vcproj", "{6FED639C-5FE8-4FDF-ABE8-F720947AC9A1}"
	ProjectSection(ProjectDependencies) = postProject
	EndProjectSection
EndProject
Project("{8BC9CEB8-8B4A-11D0-8D11-00A0C91BC942}") = "ssh_protocol", "protocols\ssh_protocol.vcproj", "{A8630794-5C8B-4B7F-AF1B-DF12FD6C397F}"
	ProjectSection(ProjectDependencies) = postProject
		{FE571818-1B67-41FB-B49D-850D650CF661} = {FE571818-1B67-41FB-B49D-850D650CF661}
	EndProjectSection
EndProject
Project("{8BC9CEB8-8B4A-11D0-8D11-00A0C91BC942}") = "uninsthlp", "uninsthlp\uninsthlp.vcproj", "{433007AA-2C03-481D-B56B-5FA6840D343D}"
	ProjectSection(ProjectDependencies) = postProject
	EndProjectSection
EndProject
Project("{8BC9CEB8-8B4A-11D0-8D11-00A0C91BC942}") = "plink", "plink\plink.vcproj", "{FE571818-1B67-41FB-B49D-850D650CF661}"
	ProjectSection(ProjectDependencies) = postProject
	EndProjectSection
EndProject
Project("{8BC9CEB8-8B4A-11D0-8D11-00A0C91BC942}") = "sserver_protocol", "protocols\sserver_protocol.vcproj", "{7B67F987-4BBB-4FD4-B537-77BF79ABD04F}"
	ProjectSection(ProjectDependencies) = postProject
	EndProjectSection
EndProject
Project("{8BC9CEB8-8B4A-11D0-8D11-00A0C91BC942}") = "genkey", "genkey\genkey.vcproj", "{433007AA-2C03-481D-B56B-5FA6840D343D}"
	ProjectSection(ProjectDependencies) = postProject
	EndProjectSection
EndProject
Project("{8BC9CEB8-8B4A-11D0-8D11-00A0C91BC942}") = "librsync", "librsync\librsync.vcproj", "{DC562CEA-75BF-41A1-893C-41CFE2C35237}"
	ProjectSection(ProjectDependencies) = postProject
	EndProjectSection
EndProject
Project("{8BC9CEB8-8B4A-11D0-8D11-00A0C91BC942}") = "co", "rcs\co.vcproj", "{433007AA-2C03-481D-B56B-5FA6840D343D}"
	ProjectSection(ProjectDependencies) = postProject
	EndProjectSection
EndProject
Project("{8BC9CEB8-8B4A-11D0-8D11-00A0C91BC942}") = "rcsdiff", "rcs\rcsdiff.vcproj", "{433007AA-2C03-481D-B56B-5FA6840D343D}"
	ProjectSection(ProjectDependencies) = postProject
	EndProjectSection
EndProject
Project("{8BC9CEB8-8B4A-11D0-8D11-00A0C91BC942}") = "rlog", "rcs\rlog.vcproj", "{433007AA-2C03-481D-B56B-5FA6840D343D}"
	ProjectSection(ProjectDependencies) = postProject
	EndProjectSection
EndProject
Project("{8BC9CEB8-8B4A-11D0-8D11-00A0C91BC942}") = "zlib", "zlib\win32\zlib.vcproj", "{2C1A99CD-4854-4064-9484-F1EB57F366E5}"
	ProjectSection(ProjectDependencies) = postProject
	EndProjectSection
EndProject
Global
	GlobalSection(SolutionConfiguration) = preSolution
		Debug = Debug
		Purify = Purify
		Release = Release
	EndGlobalSection
	GlobalSection(ProjectConfiguration) = postSolution
		{91F671E4-7F2F-4F32-B905-A5A6D1622B9F}.Debug.ActiveCfg = Debug|Win32
		{91F671E4-7F2F-4F32-B905-A5A6D1622B9F}.Debug.Build.0 = Debug|Win32
		{91F671E4-7F2F-4F32-B905-A5A6D1622B9F}.Purify.ActiveCfg = Purify|Win32
		{91F671E4-7F2F-4F32-B905-A5A6D1622B9F}.Purify.Build.0 = Purify|Win32
		{91F671E4-7F2F-4F32-B905-A5A6D1622B9F}.Release.ActiveCfg = Release|Win32
		{91F671E4-7F2F-4F32-B905-A5A6D1622B9F}.Release.Build.0 = Release|Win32
		{A66D1177-64F6-45C4-B52D-601FF97B3B50}.Debug.ActiveCfg = Debug|Win32
		{A66D1177-64F6-45C4-B52D-601FF97B3B50}.Debug.Build.0 = Debug|Win32
		{A66D1177-64F6-45C4-B52D-601FF97B3B50}.Purify.ActiveCfg = Purify|Win32
		{A66D1177-64F6-45C4-B52D-601FF97B3B50}.Purify.Build.0 = Purify|Win32
		{A66D1177-64F6-45C4-B52D-601FF97B3B50}.Release.ActiveCfg = Release|Win32
		{A66D1177-64F6-45C4-B52D-601FF97B3B50}.Release.Build.0 = Release|Win32
		{43B8C2B3-0526-4121-91F8-F218ABC1D0C2}.Debug.ActiveCfg = Debug|Win32
		{43B8C2B3-0526-4121-91F8-F218ABC1D0C2}.Debug.Build.0 = Debug|Win32
		{43B8C2B3-0526-4121-91F8-F218ABC1D0C2}.Purify.ActiveCfg = Purify|Win32
		{43B8C2B3-0526-4121-91F8-F218ABC1D0C2}.Purify.Build.0 = Purify|Win32
		{43B8C2B3-0526-4121-91F8-F218ABC1D0C2}.Release.ActiveCfg = Release|Win32
		{43B8C2B3-0526-4121-91F8-F218ABC1D0C2}.Release.Build.0 = Release|Win32
		{F6DC1E90-8EFC-4D11-8D44-DAD00CF734DA}.Debug.ActiveCfg = Debug|Win32
		{F6DC1E90-8EFC-4D11-8D44-DAD00CF734DA}.Debug.Build.0 = Debug|Win32
		{F6DC1E90-8EFC-4D11-8D44-DAD00CF734DA}.Purify.ActiveCfg = Purify|Win32
		{F6DC1E90-8EFC-4D11-8D44-DAD00CF734DA}.Purify.Build.0 = Purify|Win32
		{F6DC1E90-8EFC-4D11-8D44-DAD00CF734DA}.Release.ActiveCfg = Release|Win32
		{F6DC1E90-8EFC-4D11-8D44-DAD00CF734DA}.Release.Build.0 = Release|Win32
		{00725064-BF63-4724-9FB4-740EABE62CEC}.Debug.ActiveCfg = Debug|Win32
		{00725064-BF63-4724-9FB4-740EABE62CEC}.Debug.Build.0 = Debug|Win32
		{00725064-BF63-4724-9FB4-740EABE62CEC}.Purify.ActiveCfg = Purify|Win32
		{00725064-BF63-4724-9FB4-740EABE62CEC}.Purify.Build.0 = Purify|Win32
		{00725064-BF63-4724-9FB4-740EABE62CEC}.Release.ActiveCfg = Release|Win32
		{00725064-BF63-4724-9FB4-740EABE62CEC}.Release.Build.0 = Release|Win32
		{5D695560-5DD9-4EF5-9B2E-D609D1A05324}.Debug.ActiveCfg = Debug|Win32
		{5D695560-5DD9-4EF5-9B2E-D609D1A05324}.Debug.Build.0 = Debug|Win32
		{5D695560-5DD9-4EF5-9B2E-D609D1A05324}.Purify.ActiveCfg = Purify|Win32
		{5D695560-5DD9-4EF5-9B2E-D609D1A05324}.Purify.Build.0 = Purify|Win32
		{5D695560-5DD9-4EF5-9B2E-D609D1A05324}.Release.ActiveCfg = Release|Win32
		{5D695560-5DD9-4EF5-9B2E-D609D1A05324}.Release.Build.0 = Release|Win32
		{5CD43033-B004-4886-8E4D-3A622A7AD677}.Debug.ActiveCfg = Debug|Win32
		{5CD43033-B004-4886-8E4D-3A622A7AD677}.Debug.Build.0 = Debug|Win32
		{5CD43033-B004-4886-8E4D-3A622A7AD677}.Purify.ActiveCfg = Purify|Win32
		{5CD43033-B004-4886-8E4D-3A622A7AD677}.Purify.Build.0 = Purify|Win32
		{5CD43033-B004-4886-8E4D-3A622A7AD677}.Release.ActiveCfg = Release|Win32
		{5CD43033-B004-4886-8E4D-3A622A7AD677}.Release.Build.0 = Release|Win32
		{C4F56D7B-7716-421E-B820-FD1948DB6385}.Debug.ActiveCfg = Debug|Win32
		{C4F56D7B-7716-421E-B820-FD1948DB6385}.Debug.Build.0 = Debug|Win32
		{C4F56D7B-7716-421E-B820-FD1948DB6385}.Purify.ActiveCfg = Purify|Win32
		{C4F56D7B-7716-421E-B820-FD1948DB6385}.Purify.Build.0 = Purify|Win32
		{C4F56D7B-7716-421E-B820-FD1948DB6385}.Release.ActiveCfg = Release|Win32
		{C4F56D7B-7716-421E-B820-FD1948DB6385}.Release.Build.0 = Release|Win32
		{E55F4833-F513-4F88-89AB-BCC2E39F81D8}.Debug.ActiveCfg = Debug|Win32
		{E55F4833-F513-4F88-89AB-BCC2E39F81D8}.Debug.Build.0 = Debug|Win32
		{E55F4833-F513-4F88-89AB-BCC2E39F81D8}.Purify.ActiveCfg = Purify|Win32
		{E55F4833-F513-4F88-89AB-BCC2E39F81D8}.Purify.Build.0 = Purify|Win32
		{E55F4833-F513-4F88-89AB-BCC2E39F81D8}.Release.ActiveCfg = Release|Win32
		{E55F4833-F513-4F88-89AB-BCC2E39F81D8}.Release.Build.0 = Release|Win32
		{68D18485-174E-46BB-A1FC-132DDCCC2EE0}.Debug.ActiveCfg = Debug|Win32
		{68D18485-174E-46BB-A1FC-132DDCCC2EE0}.Debug.Build.0 = Debug|Win32
		{68D18485-174E-46BB-A1FC-132DDCCC2EE0}.Purify.ActiveCfg = Purify|Win32
		{68D18485-174E-46BB-A1FC-132DDCCC2EE0}.Purify.Build.0 = Purify|Win32
		{68D18485-174E-46BB-A1FC-132DDCCC2EE0}.Release.ActiveCfg = Release|Win32
		{68D18485-174E-46BB-A1FC-132DDCCC2EE0}.Release.Build.0 = Release|Win32
		{AFF96908-CC5E-40D2-94FC-78090D420832}.Debug.ActiveCfg = Debug|Win32
		{AFF96908-CC5E-40D2-94FC-78090D420832}.Debug.Build.0 = Debug|Win32
		{AFF96908-CC5E-40D2-94FC-78090D420832}.Purify.ActiveCfg = Purify|Win32
		{AFF96908-CC5E-40D2-94FC-78090D420832}.Purify.Build.0 = Purify|Win32
		{AFF96908-CC5E-40D2-94FC-78090D420832}.Release.ActiveCfg = Release|Win32
		{AFF96908-CC5E-40D2-94FC-78090D420832}.Release.Build.0 = Release|Win32
		{EC35C4F3-4DC4-4B87-B884-9DAAA8398BD8}.Debug.ActiveCfg = Debug|Win32
		{EC35C4F3-4DC4-4B87-B884-9DAAA8398BD8}.Debug.Build.0 = Debug|Win32
		{EC35C4F3-4DC4-4B87-B884-9DAAA8398BD8}.Purify.ActiveCfg = Purify|Win32
		{EC35C4F3-4DC4-4B87-B884-9DAAA8398BD8}.Purify.Build.0 = Purify|Win32
		{EC35C4F3-4DC4-4B87-B884-9DAAA8398BD8}.Release.ActiveCfg = Release|Win32
		{EC35C4F3-4DC4-4B87-B884-9DAAA8398BD8}.Release.Build.0 = Release|Win32
		{44F87A6B-B243-4961-9236-2498E4695331}.Debug.ActiveCfg = Debug|Win32
		{44F87A6B-B243-4961-9236-2498E4695331}.Debug.Build.0 = Debug|Win32
		{44F87A6B-B243-4961-9236-2498E4695331}.Purify.ActiveCfg = Purify|Win32
		{44F87A6B-B243-4961-9236-2498E4695331}.Purify.Build.0 = Purify|Win32
		{44F87A6B-B243-4961-9236-2498E4695331}.Release.ActiveCfg = Release|Win32
		{44F87A6B-B243-4961-9236-2498E4695331}.Release.Build.0 = Release|Win32
		{C05BD8F3-7197-4B4B-9DFE-EB014490F51C}.Debug.ActiveCfg = Debug|Win32
		{C05BD8F3-7197-4B4B-9DFE-EB014490F51C}.Debug.Build.0 = Debug|Win32
		{C05BD8F3-7197-4B4B-9DFE-EB014490F51C}.Purify.ActiveCfg = Purify|Win32
		{C05BD8F3-7197-4B4B-9DFE-EB014490F51C}.Purify.Build.0 = Purify|Win32
		{C05BD8F3-7197-4B4B-9DFE-EB014490F51C}.Release.ActiveCfg = Release|Win32
		{C05BD8F3-7197-4B4B-9DFE-EB014490F51C}.Release.Build.0 = Release|Win32
		{439A2FF6-84D3-4972-B9E8-6D9C0027A5CB}.Debug.ActiveCfg = Debug|Win32
		{439A2FF6-84D3-4972-B9E8-6D9C0027A5CB}.Debug.Build.0 = Debug|Win32
		{439A2FF6-84D3-4972-B9E8-6D9C0027A5CB}.Purify.ActiveCfg = Purify|Win32
		{439A2FF6-84D3-4972-B9E8-6D9C0027A5CB}.Purify.Build.0 = Purify|Win32
		{439A2FF6-84D3-4972-B9E8-6D9C0027A5CB}.Release.ActiveCfg = Release|Win32
		{439A2FF6-84D3-4972-B9E8-6D9C0027A5CB}.Release.Build.0 = Release|Win32
		{44D20481-5119-4D1B-A194-A7B5AEF9C23C}.Debug.ActiveCfg = Debug|Win32
		{44D20481-5119-4D1B-A194-A7B5AEF9C23C}.Debug.Build.0 = Debug|Win32
		{44D20481-5119-4D1B-A194-A7B5AEF9C23C}.Purify.ActiveCfg = Purify|Win32
		{44D20481-5119-4D1B-A194-A7B5AEF9C23C}.Purify.Build.0 = Purify|Win32
		{44D20481-5119-4D1B-A194-A7B5AEF9C23C}.Release.ActiveCfg = Release|Win32
		{44D20481-5119-4D1B-A194-A7B5AEF9C23C}.Release.Build.0 = Release|Win32
		{6FED639C-5FE8-4FDF-ABE8-F720947AC9A1}.Debug.ActiveCfg = Debug|Win32
		{6FED639C-5FE8-4FDF-ABE8-F720947AC9A1}.Debug.Build.0 = Debug|Win32
		{6FED639C-5FE8-4FDF-ABE8-F720947AC9A1}.Purify.ActiveCfg = Purify|Win32
		{6FED639C-5FE8-4FDF-ABE8-F720947AC9A1}.Purify.Build.0 = Purify|Win32
		{6FED639C-5FE8-4FDF-ABE8-F720947AC9A1}.Release.ActiveCfg = Release|Win32
		{6FED639C-5FE8-4FDF-ABE8-F720947AC9A1}.Release.Build.0 = Release|Win32
		{A8630794-5C8B-4B7F-AF1B-DF12FD6C397F}.Debug.ActiveCfg = Debug|Win32
		{A8630794-5C8B-4B7F-AF1B-DF12FD6C397F}.Debug.Build.0 = Debug|Win32
		{A8630794-5C8B-4B7F-AF1B-DF12FD6C397F}.Purify.ActiveCfg = Purify|Win32
		{A8630794-5C8B-4B7F-AF1B-DF12FD6C397F}.Purify.Build.0 = Purify|Win32
		{A8630794-5C8B-4B7F-AF1B-DF12FD6C397F}.Release.ActiveCfg = Release|Win32
		{A8630794-5C8B-4B7F-AF1B-DF12FD6C397F}.Release.Build.0 = Release|Win32
		{433007AA-2C03-481D-B56B-5FA6840D343D}.Debug.ActiveCfg = Debug|Win32
		{433007AA-2C03-481D-B56B-5FA6840D343D}.Debug.Build.0 = Debug|Win32
		{433007AA-2C03-481D-B56B-5FA6840D343D}.Purify.ActiveCfg = Purify|Win32
		{433007AA-2C03-481D-B56B-5FA6840D343D}.Purify.Build.0 = Purify|Win32
		{433007AA-2C03-481D-B56B-5FA6840D343D}.Release.ActiveCfg = Release|Win32
		{433007AA-2C03-481D-B56B-5FA6840D343D}.Release.Build.0 = Release|Win32
		{FE571818-1B67-41FB-B49D-850D650CF661}.Debug.ActiveCfg = Debug|Win32
		{FE571818-1B67-41FB-B49D-850D650CF661}.Debug.Build.0 = Debug|Win32
		{FE571818-1B67-41FB-B49D-850D650CF661}.Purify.ActiveCfg = Release|Win32
		{FE571818-1B67-41FB-B49D-850D650CF661}.Purify.Build.0 = Release|Win32
		{FE571818-1B67-41FB-B49D-850D650CF661}.Release.ActiveCfg = Release|Win32
		{FE571818-1B67-41FB-B49D-850D650CF661}.Release.Build.0 = Release|Win32
		{7B67F987-4BBB-4FD4-B537-77BF79ABD04F}.Debug.ActiveCfg = Debug|Win32
		{7B67F987-4BBB-4FD4-B537-77BF79ABD04F}.Debug.Build.0 = Debug|Win32
		{7B67F987-4BBB-4FD4-B537-77BF79ABD04F}.Purify.ActiveCfg = Purify|Win32
		{7B67F987-4BBB-4FD4-B537-77BF79ABD04F}.Purify.Build.0 = Purify|Win32
		{7B67F987-4BBB-4FD4-B537-77BF79ABD04F}.Release.ActiveCfg = Release|Win32
		{7B67F987-4BBB-4FD4-B537-77BF79ABD04F}.Release.Build.0 = Release|Win32
		{433007AA-2C03-481D-B56B-5FA6840D343D}.Debug.ActiveCfg = Debug|Win32
		{433007AA-2C03-481D-B56B-5FA6840D343D}.Debug.Build.0 = Debug|Win32
		{433007AA-2C03-481D-B56B-5FA6840D343D}.Purify.ActiveCfg = Purify|Win32
		{433007AA-2C03-481D-B56B-5FA6840D343D}.Purify.Build.0 = Purify|Win32
		{433007AA-2C03-481D-B56B-5FA6840D343D}.Release.ActiveCfg = Release|Win32
		{433007AA-2C03-481D-B56B-5FA6840D343D}.Release.Build.0 = Release|Win32
		{DC562CEA-75BF-41A1-893C-41CFE2C35237}.Debug.ActiveCfg = Debug|Win32
		{DC562CEA-75BF-41A1-893C-41CFE2C35237}.Debug.Build.0 = Debug|Win32
		{DC562CEA-75BF-41A1-893C-41CFE2C35237}.Purify.ActiveCfg = Release|Win32
		{DC562CEA-75BF-41A1-893C-41CFE2C35237}.Purify.Build.0 = Release|Win32
		{DC562CEA-75BF-41A1-893C-41CFE2C35237}.Release.ActiveCfg = Release|Win32
		{DC562CEA-75BF-41A1-893C-41CFE2C35237}.Release.Build.0 = Release|Win32
		{433007AA-2C03-481D-B56B-5FA6840D343D}.Debug.ActiveCfg = Debug|Win32
		{433007AA-2C03-481D-B56B-5FA6840D343D}.Debug.Build.0 = Debug|Win32
		{433007AA-2C03-481D-B56B-5FA6840D343D}.Purify.ActiveCfg = Purify|Win32
		{433007AA-2C03-481D-B56B-5FA6840D343D}.Purify.Build.0 = Purify|Win32
		{433007AA-2C03-481D-B56B-5FA6840D343D}.Release.ActiveCfg = Release|Win32
		{433007AA-2C03-481D-B56B-5FA6840D343D}.Release.Build.0 = Release|Win32
		{433007AA-2C03-481D-B56B-5FA6840D343D}.Debug.ActiveCfg = Debug|Win32
		{433007AA-2C03-481D-B56B-5FA6840D343D}.Debug.Build.0 = Debug|Win32
		{433007AA-2C03-481D-B56B-5FA6840D343D}.Purify.ActiveCfg = Purify|Win32
		{433007AA-2C03-481D-B56B-5FA6840D343D}.Purify.Build.0 = Purify|Win32
		{433007AA-2C03-481D-B56B-5FA6840D343D}.Release.ActiveCfg = Release|Win32
		{433007AA-2C03-481D-B56B-5FA6840D343D}.Release.Build.0 = Release|Win32
		{433007AA-2C03-481D-B56B-5FA6840D343D}.Debug.ActiveCfg = Debug|Win32
		{433007AA-2C03-481D-B56B-5FA6840D343D}.Debug.Build.0 = Debug|Win32
		{433007AA-2C03-481D-B56B-5FA6840D343D}.Purify.ActiveCfg = Purify|Win32
		{433007AA-2C03-481D-B56B-5FA6840D343D}.Purify.Build.0 = Purify|Win32
		{433007AA-2C03-481D-B56B-5FA6840D343D}.Release.ActiveCfg = Release|Win32
		{433007AA-2C03-481D-B56B-5FA6840D343D}.Release.Build.0 = Release|Win32
		{2C1A99CD-4854-4064-9484-F1EB57F366E5}.Debug.ActiveCfg = Debug|Win32
		{2C1A99CD-4854-4064-9484-F1EB57F366E5}.Debug.Build.0 = Debug|Win32
		{2C1A99CD-4854-4064-9484-F1EB57F366E5}.Purify.ActiveCfg = Purify|Win32
		{2C1A99CD-4854-4064-9484-F1EB57F366E5}.Purify.Build.0 = Purify|Win32
		{2C1A99CD-4854-4064-9484-F1EB57F366E5}.Release.ActiveCfg = Release|Win32
		{2C1A99CD-4854-4064-9484-F1EB57F366E5}.Release.Build.0 = Release|Win32
	EndGlobalSection
	GlobalSection(ExtensibilityGlobals) = postSolution
	EndGlobalSection
	GlobalSection(ExtensibilityAddIns) = postSolution
	EndGlobalSection
	GlobalSection(DPCodeReviewSolutionGUID) = preSolution
		DPCodeReviewSolutionGUID = {00000000-0000-0000-0000-000000000000}
	EndGlobalSection
EndGlobal
